
Microsoft Visual Studio Solution File, Format Version 12.00
# Visual Studio Version 17
VisualStudioVersion = 17.2.32630.192
MinimumVisualStudioVersion = 10.0.40219.1
Project("{FAE04EC0-301F-11D3-BF4B-00C04F79EFBC}") = "Server", "ServerTCP\Server.csproj", "{8E93A5B7-288F-4361-B762-D889749EAFA6}"
EndProject
Project("{FAE04EC0-301F-11D3-BF4B-00C04F79EFBC}") = "Client", "Client\Client.csproj", "{42778F6B-D148-4360-BF09-F20B2D4CE7D5}"
EndProject
Global
	GlobalSection(SolutionConfigurationPlatforms) = preSolution
		Debug|Any CPU = Debug|Any CPU
		Release|Any CPU = Release|Any CPU
	EndGlobalSection
	GlobalSection(ProjectConfigurationPlatforms) = postSolution
		{8E93A5B7-288F-4361-B762-D889749EAFA6}.Debug|Any CPU.ActiveCfg = Debug|Any CPU
		{8E93A5B7-288F-4361-B762-D889749EAFA6}.Debug|Any CPU.Build.0 = Debug|Any CPU
		{8E93A5B7-288F-4361-B762-D889749EAFA6}.Release|Any CPU.ActiveCfg = Release|Any CPU
		{8E93A5B7-288F-4361-B762-D889749EAFA6}.Release|Any CPU.Build.0 = Release|Any CPU
		{42778F6B-D148-4360-BF09-F20B2D4CE7D5}.Debug|Any CPU.ActiveCfg = Debug|Any CPU
		{42778F6B-D148-4360-BF09-F20B2D4CE7D5}.Debug|Any CPU.Build.0 = Debug|Any CPU
		{42778F6B-D148-4360-BF09-F20B2D4CE7D5}.Release|Any CPU.ActiveCfg = Release|Any CPU
		{42778F6B-D148-4360-BF09-F20B2D4CE7D5}.Release|Any CPU.Build.0 = Release|Any CPU
	EndGlobalSection
	GlobalSection(SolutionProperties) = preSolution
		HideSolutionNode = FALSE
	EndGlobalSection
	GlobalSection(ExtensibilityGlobals) = postSolution
		SolutionGuid = {2A0C60A5-D8E7-4DA7-9966-27A5FA88C7C6}
	EndGlobalSection
EndGlobal
